
Microsoft Visual Studio Solution File, Format Version 12.00
# Visual Studio Version 16
VisualStudioVersion = 16.0.31729.503
MinimumVisualStudioVersion = 10.0.40219.1
Project("{9A19103F-16F7-4668-BE54-9A1E7A4F7556}") = "Demo", "Demo.csproj", "{CBABCB0D-1DDE-4EBF-8017-F8F27E3C50D6}"
EndProject
Project("{9A19103F-16F7-4668-BE54-9A1E7A4F7556}") = "VillaAPI", "..\VillaAPI\VillaAPI.csproj", "{19EB894A-5F32-4EE5-843D-8DC5C102C871}"
EndProject
Project("{FAE04EC0-301F-11D3-BF4B-00C04F79EFBC}") = "VillaWeb", "..\VillaWeb\VillaWeb.csproj", "{2140B980-61D9-49D6-B8B2-09CF6D02F3EC}"
EndProject
Global
	GlobalSection(SolutionConfigurationPlatforms) = preSolution
		Debug|Any CPU = Debug|Any CPU
		Release|Any CPU = Release|Any CPU
	EndGlobalSection
	GlobalSection(ProjectConfigurationPlatforms) = postSolution
		{CBABCB0D-1DDE-4EBF-8017-F8F27E3C50D6}.Debug|Any CPU.ActiveCfg = Debug|Any CPU
		{CBABCB0D-1DDE-4EBF-8017-F8F27E3C50D6}.Debug|Any CPU.Build.0 = Debug|Any CPU
		{CBABCB0D-1DDE-4EBF-8017-F8F27E3C50D6}.Release|Any CPU.ActiveCfg = Release|Any CPU
		{CBABCB0D-1DDE-4EBF-8017-F8F27E3C50D6}.Release|Any CPU.Build.0 = Release|Any CPU
		{19EB894A-5F32-4EE5-843D-8DC5C102C871}.Debug|Any CPU.ActiveCfg = Debug|Any CPU
		{19EB894A-5F32-4EE5-843D-8DC5C102C871}.Debug|Any CPU.Build.0 = Debug|Any CPU
		{19EB894A-5F32-4EE5-843D-8DC5C102C871}.Release|Any CPU.ActiveCfg = Release|Any CPU
		{19EB894A-5F32-4EE5-843D-8DC5C102C871}.Release|Any CPU.Build.0 = Release|Any CPU
		{2140B980-61D9-49D6-B8B2-09CF6D02F3EC}.Debug|Any CPU.ActiveCfg = Debug|Any CPU
		{2140B980-61D9-49D6-B8B2-09CF6D02F3EC}.Debug|Any CPU.Build.0 = Debug|Any CPU
		{2140B980-61D9-49D6-B8B2-09CF6D02F3EC}.Release|Any CPU.ActiveCfg = Release|Any CPU
		{2140B980-61D9-49D6-B8B2-09CF6D02F3EC}.Release|Any CPU.Build.0 = Release|Any CPU
	EndGlobalSection
	GlobalSection(SolutionProperties) = preSolution
		HideSolutionNode = FALSE
	EndGlobalSection
	GlobalSection(ExtensibilityGlobals) = postSolution
		SolutionGuid = {554FD131-2699-443A-9EAC-712E4FEE6E12}
	EndGlobalSection
EndGlobal
