
Microsoft Visual Studio Solution File, Format Version 12.00
# Visual Studio Version 16
VisualStudioVersion = 16.0.31729.503
MinimumVisualStudioVersion = 10.0.40219.1
Project("{9A19103F-16F7-4668-BE54-9A1E7A4F7556}") = "WebAPIDemo", "WebAPIDemo.csproj", "{8B500C20-43D3-4386-9C58-5940E80884CC}"
EndProject
Project("{FAE04EC0-301F-11D3-BF4B-00C04F79EFBC}") = "Demo", "..\Demo\Demo.csproj", "{7113952A-A3F8-4B9D-B392-8A5FE5E29D1B}"
EndProject
Global
	GlobalSection(SolutionConfigurationPlatforms) = preSolution
		Debug|Any CPU = Debug|Any CPU
		Release|Any CPU = Release|Any CPU
	EndGlobalSection
	GlobalSection(ProjectConfigurationPlatforms) = postSolution
		{8B500C20-43D3-4386-9C58-5940E80884CC}.Debug|Any CPU.ActiveCfg = Debug|Any CPU
		{8B500C20-43D3-4386-9C58-5940E80884CC}.Debug|Any CPU.Build.0 = Debug|Any CPU
		{8B500C20-43D3-4386-9C58-5940E80884CC}.Release|Any CPU.ActiveCfg = Release|Any CPU
		{8B500C20-43D3-4386-9C58-5940E80884CC}.Release|Any CPU.Build.0 = Release|Any CPU
		{7113952A-A3F8-4B9D-B392-8A5FE5E29D1B}.Debug|Any CPU.ActiveCfg = Debug|Any CPU
		{7113952A-A3F8-4B9D-B392-8A5FE5E29D1B}.Debug|Any CPU.Build.0 = Debug|Any CPU
		{7113952A-A3F8-4B9D-B392-8A5FE5E29D1B}.Release|Any CPU.ActiveCfg = Release|Any CPU
		{7113952A-A3F8-4B9D-B392-8A5FE5E29D1B}.Release|Any CPU.Build.0 = Release|Any CPU
	EndGlobalSection
	GlobalSection(SolutionProperties) = preSolution
		HideSolutionNode = FALSE
	EndGlobalSection
	GlobalSection(ExtensibilityGlobals) = postSolution
		SolutionGuid = {5B6AB568-F91E-4088-BF12-CDE73C4AFF7E}
	EndGlobalSection
EndGlobal
